
Microsoft Visual Studio Solution File, Format Version 12.00
# Visual Studio 2012
Project("{FAE04EC0-301F-11D3-BF4B-00C04F79EFBC}") = "WebApp1", "WebApp1\WebApp1.csproj", "{636C6CB3-C600-4E8E-AD10-0A25E5281947}"
EndProject
Global
	GlobalSection(SolutionConfigurationPlatforms) = preSolution
		Debug|Any CPU = Debug|Any CPU
		Release|Any CPU = Release|Any CPU
	EndGlobalSection
	GlobalSection(ProjectConfigurationPlatforms) = postSolution
		{636C6CB3-C600-4E8E-AD10-0A25E5281947}.Debug|Any CPU.ActiveCfg = Debug|Any CPU
		{636C6CB3-C600-4E8E-AD10-0A25E5281947}.Debug|Any CPU.Build.0 = Debug|Any CPU
		{636C6CB3-C600-4E8E-AD10-0A25E5281947}.Release|Any CPU.ActiveCfg = Release|Any CPU
		{636C6CB3-C600-4E8E-AD10-0A25E5281947}.Release|Any CPU.Build.0 = Release|Any CPU
	EndGlobalSection
	GlobalSection(SolutionProperties) = preSolution
		HideSolutionNode = FALSE
	EndGlobalSection
EndGlobal
